
Microsoft Visual Studio Solution File, Format Version 12.00
Project("{FAE04EC0-301F-11D3-BF4B-00C04F79EFBC}") = "Cli", "Cli\Cli.csproj", "{5CF35AE8-5E5C-411E-83B1-B3CA04706A79}"
EndProject
Project("{FAE04EC0-301F-11D3-BF4B-00C04F79EFBC}") = "Cli.Commands", "Cli.Commands\Cli.Commands.csproj", "{61C8BD21-789B-4A95-A6B8-816EFF6EC3DD}"
EndProject
Global
	GlobalSection(SolutionConfigurationPlatforms) = preSolution
		Debug|Any CPU = Debug|Any CPU
		Release|Any CPU = Release|Any CPU
	EndGlobalSection
	GlobalSection(ProjectConfigurationPlatforms) = postSolution
		{5CF35AE8-5E5C-411E-83B1-B3CA04706A79}.Debug|Any CPU.ActiveCfg = Debug|Any CPU
		{5CF35AE8-5E5C-411E-83B1-B3CA04706A79}.Debug|Any CPU.Build.0 = Debug|Any CPU
		{5CF35AE8-5E5C-411E-83B1-B3CA04706A79}.Release|Any CPU.ActiveCfg = Release|Any CPU
		{5CF35AE8-5E5C-411E-83B1-B3CA04706A79}.Release|Any CPU.Build.0 = Release|Any CPU
		{61C8BD21-789B-4A95-A6B8-816EFF6EC3DD}.Debug|Any CPU.ActiveCfg = Debug|Any CPU
		{61C8BD21-789B-4A95-A6B8-816EFF6EC3DD}.Debug|Any CPU.Build.0 = Debug|Any CPU
		{61C8BD21-789B-4A95-A6B8-816EFF6EC3DD}.Release|Any CPU.ActiveCfg = Release|Any CPU
		{61C8BD21-789B-4A95-A6B8-816EFF6EC3DD}.Release|Any CPU.Build.0 = Release|Any CPU
	EndGlobalSection
EndGlobal
